
Microsoft Visual Studio Solution File, Format Version 12.00
# Visual Studio Version 17
VisualStudioVersion = 17.13.35825.156 d17.13
MinimumVisualStudioVersion = 10.0.40219.1
Project("{FAE04EC0-301F-11D3-BF4B-00C04F79EFBC}") = "SavorineStateless", "SavorineStateless\SavorineStateless.csproj", "{105ABE47-BB7A-4234-BC05-E61F659BF35E}"
EndProject
Global
	GlobalSection(SolutionConfigurationPlatforms) = preSolution
		Debug|Any CPU = Debug|Any CPU
		Release|Any CPU = Release|Any CPU
	EndGlobalSection
	GlobalSection(ProjectConfigurationPlatforms) = postSolution
		{105ABE47-BB7A-4234-BC05-E61F659BF35E}.Debug|Any CPU.ActiveCfg = Debug|Any CPU
		{105ABE47-BB7A-4234-BC05-E61F659BF35E}.Debug|Any CPU.Build.0 = Debug|Any CPU
		{105ABE47-BB7A-4234-BC05-E61F659BF35E}.Release|Any CPU.ActiveCfg = Release|Any CPU
		{105ABE47-BB7A-4234-BC05-E61F659BF35E}.Release|Any CPU.Build.0 = Release|Any CPU
	EndGlobalSection
	GlobalSection(SolutionProperties) = preSolution
		HideSolutionNode = FALSE
	EndGlobalSection
	GlobalSection(ExtensibilityGlobals) = postSolution
		SolutionGuid = {0FB6582C-DABC-445A-8C28-B773E969E174}
	EndGlobalSection
EndGlobal
